{
  "version": 4,
  "terraform_version": "1.12.1",
  "serial": 204,
  "lineage": "d5d7cae9-2204-09f6-d946-c84c4913d0bc",
  "outputs": {
    "frontend_public_ip": {
      "value": "3.18.51.87",
      "type": "string"
    }
  },
  "resources": [
    {
      "mode": "data",
      "type": "aws_iam_policy_document",
      "name": "ssm_assume",
      "provider": "provider[\"registry.terraform.io/hashicorp/aws\"]",
      "instances": [
        {
          "schema_version": 0,
          "attributes": {
            "id": "2851119427",
            "json": "{\n  \"Version\": \"2012-10-17\",\n  \"Statement\": [\n    {\n      \"Effect\": \"Allow\",\n      \"Action\": \"sts:AssumeRole\",\n      \"Principal\": {\n        \"Service\": \"ec2.amazonaws.com\"\n      }\n    }\n  ]\n}",
            "minified_json": "{\"Version\":\"2012-10-17\",\"Statement\":[{\"Effect\":\"Allow\",\"Action\":\"sts:AssumeRole\",\"Principal\":{\"Service\":\"ec2.amazonaws.com\"}}]}",
            "override_json": null,
            "override_policy_documents": null,
            "policy_id": null,
            "source_json": null,
            "source_policy_documents": null,
            "statement": [
              {
                "actions": [
                  "sts:AssumeRole"
                ],
                "condition": [],
                "effect": "Allow",
                "not_actions": [],
                "not_principals": [],
                "not_resources": [],
                "principals": [
                  {
                    "identifiers": [
                      "ec2.amazonaws.com"
                    ],
                    "type": "Service"
                  }
                ],
                "resources": [],
                "sid": ""
              }
            ],
            "version": "2012-10-17"
          },
          "sensitive_attributes": [],
          "identity_schema_version": 0
        }
      ]
    },
    {
      "mode": "data",
      "type": "aws_key_pair",
      "name": "revalida",
      "provider": "provider[\"registry.terraform.io/hashicorp/aws\"]",
      "instances": [
        {
          "schema_version": 0,
          "attributes": {
            "arn": "arn:aws:ec2:us-east-2:546132122685:key-pair/revalida-key",
            "create_time": "2025-05-30T18:20:33Z",
            "filter": null,
            "fingerprint": "ba:ad:5c:73:21:35:4b:a7:a3:31:a4:5b:50:62:ef:08",
            "id": "key-02383b70427fcdd8d",
            "include_public_key": false,
            "key_name": "revalida-key",
            "key_pair_id": "key-02383b70427fcdd8d",
            "key_type": "rsa",
            "public_key": "",
            "tags": {},
            "timeouts": null
          },
          "sensitive_attributes": [],
          "identity_schema_version": 0
        }
      ]
    },
    {
      "mode": "data",
      "type": "aws_ssm_parameter",
      "name": "next_public_api_url",
      "provider": "provider[\"registry.terraform.io/hashicorp/aws\"]",
      "instances": [
        {
          "schema_version": 0,
          "attributes": {
            "arn": "arn:aws:ssm:us-east-2:546132122685:parameter/revalida/NEXT_PUBLIC_API_URL",
            "id": "/revalida/NEXT_PUBLIC_API_URL",
            "insecure_value": "http://3.17.237.231:3333",
            "name": "/revalida/NEXT_PUBLIC_API_URL",
            "type": "String",
            "value": "http://3.17.237.231:3333",
            "version": 1,
            "with_decryption": false
          },
          "sensitive_attributes": [
            [
              {
                "type": "get_attr",
                "value": "value"
              }
            ]
          ],
          "identity_schema_version": 0
        }
      ]
    },
    {
      "mode": "data",
      "type": "aws_subnets",
      "name": "default",
      "provider": "provider[\"registry.terraform.io/hashicorp/aws\"]",
      "instances": [
        {
          "schema_version": 0,
          "attributes": {
            "filter": [
              {
                "name": "vpc-id",
                "values": [
                  "vpc-04f68841b3a928c7f"
                ]
              }
            ],
            "id": "us-east-2",
            "ids": [
              "subnet-0d6705af6cea5bbb2",
              "subnet-0079c65cb9ff3eb1f",
              "subnet-06eba48c8b8909295"
            ],
            "tags": null,
            "timeouts": null
          },
          "sensitive_attributes": [],
          "identity_schema_version": 0
        }
      ]
    },
    {
      "mode": "data",
      "type": "aws_vpc",
      "name": "default",
      "provider": "provider[\"registry.terraform.io/hashicorp/aws\"]",
      "instances": [
        {
          "schema_version": 0,
          "attributes": {
            "arn": "arn:aws:ec2:us-east-2:546132122685:vpc/vpc-04f68841b3a928c7f",
            "cidr_block": "172.31.0.0/16",
            "cidr_block_associations": [
              {
                "association_id": "vpc-cidr-assoc-02749e1639aaa0e80",
                "cidr_block": "172.31.0.0/16",
                "state": "associated"
              }
            ],
            "default": true,
            "dhcp_options_id": "dopt-090cb4c005ea2a043",
            "enable_dns_hostnames": true,
            "enable_dns_support": true,
            "enable_network_address_usage_metrics": false,
            "filter": null,
            "id": "vpc-04f68841b3a928c7f",
            "instance_tenancy": "default",
            "ipv6_association_id": "",
            "ipv6_cidr_block": "",
            "main_route_table_id": "rtb-0f90e9f55982978b1",
            "owner_id": "546132122685",
            "state": null,
            "tags": {},
            "timeouts": null
          },
          "sensitive_attributes": [],
          "identity_schema_version": 0
        }
      ]
    },
    {
      "mode": "managed",
      "type": "aws_eip",
      "name": "frontend",
      "provider": "provider[\"registry.terraform.io/hashicorp/aws\"]",
      "instances": [
        {
          "schema_version": 0,
          "attributes": {
            "address": null,
            "allocation_id": "eipalloc-03da689733f05732c",
            "arn": "arn:aws:ec2:us-east-2:546132122685:elastic-ip/eipalloc-03da689733f05732c",
            "associate_with_private_ip": null,
            "association_id": "eipassoc-0f5d916915f2b4f98",
            "carrier_ip": "",
            "customer_owned_ip": "",
            "customer_owned_ipv4_pool": "",
            "domain": "vpc",
            "id": "eipalloc-03da689733f05732c",
            "instance": "i-02a01ef6874d08b9c",
            "ipam_pool_id": null,
            "network_border_group": "us-east-2",
            "network_interface": "eni-010d91f45ed36ecd2",
            "private_dns": "ip-172-31-30-121.us-east-2.compute.internal",
            "private_ip": "172.31.30.121",
            "ptr_record": "",
            "public_dns": "ec2-3-18-51-87.us-east-2.compute.amazonaws.com",
            "public_ip": "3.18.51.87",
            "public_ipv4_pool": "amazon",
            "tags": {
              "Name": "frontend-eip"
            },
            "tags_all": {
              "Name": "frontend-eip"
            },
            "timeouts": null,
            "vpc": true
          },
          "sensitive_attributes": [],
          "identity_schema_version": 0,
          "private": "eyJlMmJmYjczMC1lY2FhLTExZTYtOGY4OC0zNDM2M2JjN2M0YzAiOnsiZGVsZXRlIjoxODAwMDAwMDAwMDAsInJlYWQiOjkwMDAwMDAwMDAwMCwidXBkYXRlIjozMDAwMDAwMDAwMDB9fQ==",
          "dependencies": [
            "aws_iam_instance_profile.ssm_profile",
            "aws_iam_role.ssm",
            "aws_instance.frontend",
            "aws_security_group.frontend_sg",
            "data.aws_iam_policy_document.ssm_assume",
            "data.aws_key_pair.revalida",
            "data.aws_vpc.default"
          ]
        }
      ]
    },
    {
      "mode": "managed",
      "type": "aws_iam_instance_profile",
      "name": "ssm_profile",
      "provider": "provider[\"registry.terraform.io/hashicorp/aws\"]",
      "instances": [
        {
          "schema_version": 0,
          "attributes": {
            "arn": "arn:aws:iam::546132122685:instance-profile/ssm-for-frontend-profile",
            "create_date": "2025-06-25T16:15:42Z",
            "id": "ssm-for-frontend-profile",
            "name": "ssm-for-frontend-profile",
            "name_prefix": "",
            "path": "/",
            "role": "ssm-for-frontend",
            "tags": {},
            "tags_all": {},
            "unique_id": "AIPAX6KAC3Q642VRYJMO4"
          },
          "sensitive_attributes": [],
          "identity_schema_version": 0,
          "private": "bnVsbA==",
          "dependencies": [
            "aws_iam_role.ssm",
            "data.aws_iam_policy_document.ssm_assume"
          ]
        }
      ]
    },
    {
      "mode": "managed",
      "type": "aws_iam_role",
      "name": "ssm",
      "provider": "provider[\"registry.terraform.io/hashicorp/aws\"]",
      "instances": [
        {
          "schema_version": 0,
          "attributes": {
            "arn": "arn:aws:iam::546132122685:role/ssm-for-frontend",
            "assume_role_policy": "{\"Statement\":[{\"Action\":\"sts:AssumeRole\",\"Effect\":\"Allow\",\"Principal\":{\"Service\":\"ec2.amazonaws.com\"}}],\"Version\":\"2012-10-17\"}",
            "create_date": "2025-06-25T16:15:41Z",
            "description": "",
            "force_detach_policies": false,
            "id": "ssm-for-frontend",
            "inline_policy": [],
            "managed_policy_arns": [
              "arn:aws:iam::aws:policy/AmazonSSMManagedInstanceCore"
            ],
            "max_session_duration": 3600,
            "name": "ssm-for-frontend",
            "name_prefix": "",
            "path": "/",
            "permissions_boundary": "",
            "tags": {},
            "tags_all": {},
            "unique_id": "AROAX6KAC3Q6UPKC2FBML"
          },
          "sensitive_attributes": [],
          "identity_schema_version": 0,
          "private": "bnVsbA==",
          "dependencies": [
            "data.aws_iam_policy_document.ssm_assume"
          ]
        }
      ]
    },
    {
      "mode": "managed",
      "type": "aws_iam_role_policy_attachment",
      "name": "ssm_attach",
      "provider": "provider[\"registry.terraform.io/hashicorp/aws\"]",
      "instances": [
        {
          "schema_version": 0,
          "attributes": {
            "id": "ssm-for-frontend-20250625161542768200000002",
            "policy_arn": "arn:aws:iam::aws:policy/AmazonSSMManagedInstanceCore",
            "role": "ssm-for-frontend"
          },
          "sensitive_attributes": [],
          "identity_schema_version": 0,
          "private": "bnVsbA==",
          "dependencies": [
            "aws_iam_role.ssm",
            "data.aws_iam_policy_document.ssm_assume"
          ]
        }
      ]
    },
    {
      "mode": "managed",
      "type": "aws_instance",
      "name": "frontend",
      "provider": "provider[\"registry.terraform.io/hashicorp/aws\"]",
      "instances": [
        {
          "schema_version": 1,
          "attributes": {
            "ami": "ami-04f167a56786e4b09",
            "arn": "arn:aws:ec2:us-east-2:546132122685:instance/i-02a01ef6874d08b9c",
            "associate_public_ip_address": true,
            "availability_zone": "us-east-2b",
            "capacity_reservation_specification": [
              {
                "capacity_reservation_preference": "open",
                "capacity_reservation_target": []
              }
            ],
            "cpu_core_count": 1,
            "cpu_options": [
              {
                "amd_sev_snp": "",
                "core_count": 1,
                "threads_per_core": 2
              }
            ],
            "cpu_threads_per_core": 2,
            "credit_specification": [
              {
                "cpu_credits": "unlimited"
              }
            ],
            "disable_api_stop": false,
            "disable_api_termination": false,
            "ebs_block_device": [],
            "ebs_optimized": false,
            "enable_primary_ipv6": null,
            "enclave_options": [
              {
                "enabled": false
              }
            ],
            "ephemeral_block_device": [],
            "get_password_data": false,
            "hibernation": false,
            "host_id": "",
            "host_resource_group_arn": null,
            "iam_instance_profile": "ssm-for-frontend-profile",
            "id": "i-02a01ef6874d08b9c",
            "instance_initiated_shutdown_behavior": "stop",
            "instance_lifecycle": "",
            "instance_market_options": [],
            "instance_state": "running",
            "instance_type": "t3.small",
            "ipv6_address_count": 0,
            "ipv6_addresses": [],
            "key_name": "revalida-key",
            "launch_template": [],
            "maintenance_options": [
              {
                "auto_recovery": "default"
              }
            ],
            "metadata_options": [
              {
                "http_endpoint": "enabled",
                "http_protocol_ipv6": "disabled",
                "http_put_response_hop_limit": 2,
                "http_tokens": "required",
                "instance_metadata_tags": "disabled"
              }
            ],
            "monitoring": false,
            "network_interface": [],
            "outpost_arn": "",
            "password_data": "",
            "placement_group": "",
            "placement_partition_number": 0,
            "primary_network_interface_id": "eni-010d91f45ed36ecd2",
            "private_dns": "ip-172-31-30-121.us-east-2.compute.internal",
            "private_dns_name_options": [
              {
                "enable_resource_name_dns_a_record": false,
                "enable_resource_name_dns_aaaa_record": false,
                "hostname_type": "ip-name"
              }
            ],
            "private_ip": "172.31.30.121",
            "public_dns": "ec2-3-18-51-87.us-east-2.compute.amazonaws.com",
            "public_ip": "3.18.51.87",
            "root_block_device": [
              {
                "delete_on_termination": true,
                "device_name": "/dev/sda1",
                "encrypted": false,
                "iops": 3000,
                "kms_key_id": "",
                "tags": {},
                "tags_all": {},
                "throughput": 125,
                "volume_id": "vol-01122f709711a720a",
                "volume_size": 8,
                "volume_type": "gp3"
              }
            ],
            "secondary_private_ips": [],
            "security_groups": [
              "frontend-sg-20250625161540942400000001"
            ],
            "source_dest_check": true,
            "spot_instance_request_id": "",
            "subnet_id": "subnet-0079c65cb9ff3eb1f",
            "tags": {
              "Name": "frontend"
            },
            "tags_all": {
              "Name": "frontend"
            },
            "tenancy": "default",
            "timeouts": null,
            "user_data": "1e0bee67744343dee05742b5fdd825e2cbc75038",
            "user_data_base64": null,
            "user_data_replace_on_change": false,
            "volume_tags": null,
            "vpc_security_group_ids": [
              "sg-038d5c55eb3e497a1"
            ]
          },
          "sensitive_attributes": [],
          "identity_schema_version": 0,
          "private": "eyJlMmJmYjczMC1lY2FhLTExZTYtOGY4OC0zNDM2M2JjN2M0YzAiOnsiY3JlYXRlIjo2MDAwMDAwMDAwMDAsImRlbGV0ZSI6MTIwMDAwMDAwMDAwMCwicmVhZCI6OTAwMDAwMDAwMDAwLCJ1cGRhdGUiOjYwMDAwMDAwMDAwMH0sInNjaGVtYV92ZXJzaW9uIjoiMSJ9",
          "dependencies": [
            "aws_iam_instance_profile.ssm_profile",
            "aws_iam_role.ssm",
            "aws_security_group.frontend_sg",
            "data.aws_iam_policy_document.ssm_assume",
            "data.aws_key_pair.revalida",
            "data.aws_vpc.default"
          ]
        }
      ]
    },
    {
      "mode": "managed",
      "type": "aws_key_pair",
      "name": "revalida",
      "provider": "provider[\"registry.terraform.io/hashicorp/aws\"]",
      "instances": [
        {
          "schema_version": 1,
          "attributes": {
            "arn": "arn:aws:ec2:us-east-2:546132122685:key-pair/revalida-key",
            "fingerprint": "ba:ad:5c:73:21:35:4b:a7:a3:31:a4:5b:50:62:ef:08",
            "id": "revalida-key",
            "key_name": "revalida-key",
            "key_name_prefix": "",
            "key_pair_id": "key-02383b70427fcdd8d",
            "key_type": "rsa",
            "public_key": null,
            "tags": {},
            "tags_all": {}
          },
          "sensitive_attributes": [],
          "identity_schema_version": 0,
          "private": "eyJzY2hlbWFfdmVyc2lvbiI6IjEifQ=="
        }
      ]
    },
    {
      "mode": "managed",
      "type": "aws_security_group",
      "name": "frontend_sg",
      "provider": "provider[\"registry.terraform.io/hashicorp/aws\"]",
      "instances": [
        {
          "schema_version": 1,
          "attributes": {
            "arn": "arn:aws:ec2:us-east-2:546132122685:security-group/sg-038d5c55eb3e497a1",
            "description": "Allow SSH, HTTP \u0026 HTTPS to the Next.js frontend",
            "egress": [
              {
                "cidr_blocks": [
                  "0.0.0.0/0"
                ],
                "description": "Allow all outbound",
                "from_port": 0,
                "ipv6_cidr_blocks": [],
                "prefix_list_ids": [],
                "protocol": "-1",
                "security_groups": [],
                "self": false,
                "to_port": 0
              }
            ],
            "id": "sg-038d5c55eb3e497a1",
            "ingress": [
              {
                "cidr_blocks": [
                  "0.0.0.0/0"
                ],
                "description": "HTTP",
                "from_port": 80,
                "ipv6_cidr_blocks": [],
                "prefix_list_ids": [],
                "protocol": "tcp",
                "security_groups": [],
                "self": false,
                "to_port": 80
              },
              {
                "cidr_blocks": [
                  "0.0.0.0/0"
                ],
                "description": "HTTPS",
                "from_port": 443,
                "ipv6_cidr_blocks": [],
                "prefix_list_ids": [],
                "protocol": "tcp",
                "security_groups": [],
                "self": false,
                "to_port": 443
              },
              {
                "cidr_blocks": [
                  "0.0.0.0/0"
                ],
                "description": "Next.js (porta 3000)",
                "from_port": 3000,
                "ipv6_cidr_blocks": [],
                "prefix_list_ids": [],
                "protocol": "tcp",
                "security_groups": [],
                "self": false,
                "to_port": 3000
              },
              {
                "cidr_blocks": [
                  "0.0.0.0/0"
                ],
                "description": "SSH",
                "from_port": 22,
                "ipv6_cidr_blocks": [],
                "prefix_list_ids": [],
                "protocol": "tcp",
                "security_groups": [],
                "self": false,
                "to_port": 22
              }
            ],
            "name": "frontend-sg-20250625161540942400000001",
            "name_prefix": "frontend-sg-",
            "owner_id": "546132122685",
            "revoke_rules_on_delete": false,
            "tags": {
              "Name": "frontend-sg"
            },
            "tags_all": {
              "Name": "frontend-sg"
            },
            "timeouts": null,
            "vpc_id": "vpc-04f68841b3a928c7f"
          },
          "sensitive_attributes": [],
          "identity_schema_version": 0,
          "private": "eyJlMmJmYjczMC1lY2FhLTExZTYtOGY4OC0zNDM2M2JjN2M0YzAiOnsiY3JlYXRlIjo2MDAwMDAwMDAwMDAsImRlbGV0ZSI6OTAwMDAwMDAwMDAwfSwic2NoZW1hX3ZlcnNpb24iOiIxIn0=",
          "dependencies": [
            "data.aws_vpc.default"
          ],
          "create_before_destroy": true
        }
      ]
    },
    {
      "mode": "managed",
      "type": "aws_ssm_parameter",
      "name": "next_public_api_url",
      "provider": "provider[\"registry.terraform.io/hashicorp/aws\"]",
      "instances": [
        {
          "schema_version": 0,
          "attributes": {
            "allowed_pattern": "",
            "arn": "arn:aws:ssm:us-east-2:546132122685:parameter/revalida/NEXT_PUBLIC_API_URL",
            "data_type": "text",
            "description": "",
            "has_value_wo": null,
            "id": "/revalida/NEXT_PUBLIC_API_URL",
            "insecure_value": null,
            "key_id": "",
            "name": "/revalida/NEXT_PUBLIC_API_URL",
            "overwrite": null,
            "tags": {},
            "tags_all": {},
            "tier": "Standard",
            "type": "String",
            "value": "http://3.17.237.231:3333",
            "value_wo": null,
            "value_wo_version": null,
            "version": 1
          },
          "sensitive_attributes": [
            [
              {
                "type": "get_attr",
                "value": "value"
              }
            ],
            [
              {
                "type": "get_attr",
                "value": "value_wo"
              }
            ]
          ],
          "identity_schema_version": 0,
          "private": "bnVsbA=="
        }
      ]
    },
    {
      "mode": "managed",
      "type": "local_file",
      "name": "ansible_inventory_frontend",
      "provider": "provider[\"registry.terraform.io/hashicorp/local\"]",
      "instances": [
        {
          "schema_version": 0,
          "attributes": {
            "content": "all:\n  hosts:\n    frontend:\n      # conecta no IP que o Terraform passa\n      ansible_host: '3.18.51.87'\n      ansible_user: ubuntu\n      ansible_connection: ssh\n      ansible_port: 22\n      ansible_ssh_private_key_file: '~/.ssh/revalida-key'\n\n  vars:\n    NEXT_PUBLIC_API_URL: \"http://3.17.237.231:3333\"\n    storage_type        = var.storage_type,\n    s3_region           = var.s3_region,\n    s3_bucket_name      = var.s3_bucket_name,\n    s3_base_url         = var.s3_base_url,\n    panda_api_key       = var.panda_api_key,\n    max_file_size       = var.max_file_size,\n    allowed_file_types  = var.allowed_file_types,\n    next_public_url     = var.next_public_url,\n    \n    \n\n\n",
            "content_base64": null,
            "content_base64sha256": "l5yVxBD6zQhQGePYI4CNwcV0LtasU52dq9sLuD7GX0k=",
            "content_base64sha512": "vw/e7Qi62MqKhz9IwVuU0Cb8nymhE2X6uICGuXmwAeUhszWwNihu3FFQ0neuw4mQWPJtnv5p+nIm4hkFvDLvCw==",
            "content_md5": "f47e33450744c562cda2e247b90a776f",
            "content_sha1": "e6afdc9969d0735b53ab16de95775350cb380229",
            "content_sha256": "979c95c410facd085019e3d823808dc1c5742ed6ac539d9dabdb0bb83ec65f49",
            "content_sha512": "bf0fdeed08bad8ca8a873f48c15b94d026fc9f29a11365fab88086b979b001e521b335b036286edc5150d277aec3899058f26d9efe69fa7226e21905bc32ef0b",
            "directory_permission": "0777",
            "file_permission": "0777",
            "filename": "./../ansible/inventory_frontend.yml",
            "id": "e6afdc9969d0735b53ab16de95775350cb380229",
            "sensitive_content": null,
            "source": null
          },
          "sensitive_attributes": [
            [
              {
                "type": "get_attr",
                "value": "sensitive_content"
              }
            ]
          ],
          "identity_schema_version": 0,
          "dependencies": [
            "aws_iam_instance_profile.ssm_profile",
            "aws_iam_role.ssm",
            "aws_instance.frontend",
            "aws_key_pair.revalida",
            "aws_security_group.frontend_sg",
            "data.aws_iam_policy_document.ssm_assume",
            "data.aws_key_pair.revalida",
            "data.aws_vpc.default"
          ]
        }
      ]
    },
    {
      "mode": "managed",
      "type": "null_resource",
      "name": "run_ansible",
      "provider": "provider[\"registry.terraform.io/hashicorp/null\"]",
      "instances": [
        {
          "schema_version": 0,
          "attributes": {
            "id": "5751523144180978483",
            "triggers": {
              "always_run": "2025-06-25T18:27:40Z",
              "inventory_checksum": "a34cb63cb04ce293f8e2210b8d1b29ee",
              "playbook_checksum": "6a2a229aa750e16eae70392621188c76"
            }
          },
          "sensitive_attributes": [],
          "identity_schema_version": 0,
          "dependencies": [
            "aws_iam_instance_profile.ssm_profile",
            "aws_iam_role.ssm",
            "aws_instance.frontend",
            "aws_key_pair.revalida",
            "aws_security_group.frontend_sg",
            "data.aws_iam_policy_document.ssm_assume",
            "data.aws_key_pair.revalida",
            "data.aws_vpc.default",
            "local_file.ansible_inventory_frontend",
            "null_resource.wait_for_ssh_frontend"
          ]
        }
      ]
    },
    {
      "mode": "managed",
      "type": "null_resource",
      "name": "wait_for_ssh_frontend",
      "provider": "provider[\"registry.terraform.io/hashicorp/null\"]",
      "instances": [
        {
          "schema_version": 0,
          "attributes": {
            "id": "3962723425484862195",
            "triggers": null
          },
          "sensitive_attributes": [],
          "identity_schema_version": 0,
          "dependencies": [
            "aws_iam_instance_profile.ssm_profile",
            "aws_iam_role.ssm",
            "aws_instance.frontend",
            "aws_security_group.frontend_sg",
            "data.aws_iam_policy_document.ssm_assume",
            "data.aws_key_pair.revalida",
            "data.aws_vpc.default"
          ]
        }
      ]
    }
  ],
  "check_results": null
}
